
Microsoft Visual Studio Solution File, Format Version 12.00
# Visual Studio Version 17
VisualStudioVersion = 17.4.33213.308
MinimumVisualStudioVersion = 10.0.40219.1
Project("{FAE04EC0-301F-11D3-BF4B-00C04F79EFBC}") = "LL-UC10", "LL-UC10\LL-UC10.csproj", "{BE360134-5A69-4050-8C4B-E6F96C487C49}"
EndProject
Global
	GlobalSection(SolutionConfigurationPlatforms) = preSolution
		Debug|Any CPU = Debug|Any CPU
		Release|Any CPU = Release|Any CPU
	EndGlobalSection
	GlobalSection(ProjectConfigurationPlatforms) = postSolution
		{BE360134-5A69-4050-8C4B-E6F96C487C49}.Debug|Any CPU.ActiveCfg = Debug|Any CPU
		{BE360134-5A69-4050-8C4B-E6F96C487C49}.Debug|Any CPU.Build.0 = Debug|Any CPU
		{BE360134-5A69-4050-8C4B-E6F96C487C49}.Release|Any CPU.ActiveCfg = Release|Any CPU
		{BE360134-5A69-4050-8C4B-E6F96C487C49}.Release|Any CPU.Build.0 = Release|Any CPU
	EndGlobalSection
	GlobalSection(SolutionProperties) = preSolution
		HideSolutionNode = FALSE
	EndGlobalSection
	GlobalSection(ExtensibilityGlobals) = postSolution
		SolutionGuid = {395E92CC-EE3F-4ED7-A1C6-1ACA1D5D715D}
	EndGlobalSection
EndGlobal
