
Microsoft Visual Studio Solution File, Format Version 12.00
# Visual Studio Version 17
VisualStudioVersion = 17.4.33213.308
MinimumVisualStudioVersion = 10.0.40219.1
Project("{FAE04EC0-301F-11D3-BF4B-00C04F79EFBC}") = "LL-UC2", "LL-UC2\LL-UC2.csproj", "{3DF60004-A9AA-431D-BA02-37AA37716BB4}"
EndProject
Global
	GlobalSection(SolutionConfigurationPlatforms) = preSolution
		Debug|Any CPU = Debug|Any CPU
		Release|Any CPU = Release|Any CPU
	EndGlobalSection
	GlobalSection(ProjectConfigurationPlatforms) = postSolution
		{3DF60004-A9AA-431D-BA02-37AA37716BB4}.Debug|Any CPU.ActiveCfg = Debug|Any CPU
		{3DF60004-A9AA-431D-BA02-37AA37716BB4}.Debug|Any CPU.Build.0 = Debug|Any CPU
		{3DF60004-A9AA-431D-BA02-37AA37716BB4}.Release|Any CPU.ActiveCfg = Release|Any CPU
		{3DF60004-A9AA-431D-BA02-37AA37716BB4}.Release|Any CPU.Build.0 = Release|Any CPU
	EndGlobalSection
	GlobalSection(SolutionProperties) = preSolution
		HideSolutionNode = FALSE
	EndGlobalSection
	GlobalSection(ExtensibilityGlobals) = postSolution
		SolutionGuid = {C9C6A1ED-6393-4C6B-B005-958C3FEBCA49}
	EndGlobalSection
EndGlobal
